{"version":4,"terraform_version":"1.10.1","serial":65,"lineage":"133997b4-f01f-78c9-71c4-28073fad9318","outputs":{"alb_dns_name":{"value":"c64gotd-alb-1035471567.us-east-1.elb.amazonaws.com","type":"string"},"ecs_cluster_name":{"value":"c64gotd-cluster","type":"string"},"frontend_bucket_name":{"value":"c64gotd-frontend-478993292699","type":"string"},"frontend_cloudfront_domain":{"value":"dyz7n9r0dwcnz.cloudfront.net","type":"string"},"s3_bucket_name":{"value":"c64gotd-games-storage","type":"string"}},"resources":[{"mode":"data","type":"aws_ami","name":"ecs","provider":"provider[\"registry.opentofu.org/hashicorp/aws\"]","instances":[{"schema_version":0,"attributes":{"allow_unsafe_filter":null,"architecture":"x86_64","arn":"arn:aws:ec2:us-east-1::image/ami-0b42a7f312a9ed8a5","block_device_mappings":[{"device_name":"/dev/xvda","ebs":{"delete_on_termination":"true","encrypted":"false","iops":"0","snapshot_id":"snap-006732e7f14caafec","throughput":"0","volume_initialization_rate":"0","volume_size":"30","volume_type":"gp2"},"no_device":"","virtual_name":""}],"boot_mode":"","creation_date":"2025-06-26T23:37:24.000Z","deprecation_time":"2027-06-26T23:37:24.000Z","description":"Amazon Linux AMI 2.0.20250626 x86_64 ECS HVM GP2","ena_support":true,"executable_users":null,"filter":[{"name":"name","values":["amzn2-ami-ecs-hvm-*-x86_64-ebs"]}],"hypervisor":"xen","id":"ami-0b42a7f312a9ed8a5","image_id":"ami-0b42a7f312a9ed8a5","image_location":"amazon/amzn2-ami-ecs-hvm-2.0.20250626-x86_64-ebs","image_owner_alias":"amazon","image_type":"machine","imds_support":"","include_deprecated":false,"kernel_id":"","last_launched_time":"","most_recent":true,"name":"amzn2-ami-ecs-hvm-2.0.20250626-x86_64-ebs","name_regex":null,"owner_id":"591542846629","owners":["amazon"],"platform":"","platform_details":"Linux/UNIX","product_codes":[],"public":true,"ramdisk_id":"","region":"us-east-1","root_device_name":"/dev/xvda","root_device_type":"ebs","root_snapshot_id":"snap-006732e7f14caafec","sriov_net_support":"simple","state":"available","state_reason":{"code":"UNSET","message":"UNSET"},"tags":{},"timeouts":null,"tpm_support":"","uefi_data":null,"usage_operation":"RunInstances","virtualization_type":"hvm"},"sensitive_attributes":[]}]},{"mode":"data","type":"aws_availability_zones","name":"available","provider":"provider[\"registry.opentofu.org/hashicorp/aws\"]","instances":[{"schema_version":0,"attributes":{"all_availability_zones":null,"exclude_names":null,"exclude_zone_ids":null,"filter":null,"group_names":["us-east-1-zg-1"],"id":"us-east-1","names":["us-east-1a","us-east-1b","us-east-1c","us-east-1d","us-east-1e","us-east-1f"],"region":"us-east-1","state":null,"timeouts":null,"zone_ids":["use1-az2","use1-az4","use1-az6","use1-az1","use1-az3","use1-az5"]},"sensitive_attributes":[]}]},{"mode":"data","type":"aws_caller_identity","name":"current","provider":"provider[\"registry.opentofu.org/hashicorp/aws\"]","instances":[{"schema_version":0,"attributes":{"account_id":"478993292699","arn":"arn:aws:iam::478993292699:user/terraform-user","id":"478993292699","user_id":"AIDAW7BRZTWNQHJ3CEWJ2"},"sensitive_attributes":[]}]},{"mode":"data","type":"aws_iam_policy_document","name":"ecs_instance_assume_role","provider":"provider[\"registry.opentofu.org/hashicorp/aws\"]","instances":[{"schema_version":0,"attributes":{"id":"2851119427","json":"{\n  \"Version\": \"2012-10-17\",\n  \"Statement\": [\n    {\n      \"Effect\": \"Allow\",\n      \"Action\": \"sts:AssumeRole\",\n      \"Principal\": {\n        \"Service\": \"ec2.amazonaws.com\"\n      }\n    }\n  ]\n}","minified_json":"{\"Version\":\"2012-10-17\",\"Statement\":[{\"Effect\":\"Allow\",\"Action\":\"sts:AssumeRole\",\"Principal\":{\"Service\":\"ec2.amazonaws.com\"}}]}","override_json":null,"override_policy_documents":null,"policy_id":null,"source_json":null,"source_policy_documents":null,"statement":[{"actions":["sts:AssumeRole"],"condition":[],"effect":"Allow","not_actions":[],"not_principals":[],"not_resources":[],"principals":[{"identifiers":["ec2.amazonaws.com"],"type":"Service"}],"resources":[],"sid":""}],"version":"2012-10-17"},"sensitive_attributes":[]}]},{"mode":"data","type":"aws_iam_policy_document","name":"ecs_task_execution_assume_role","provider":"provider[\"registry.opentofu.org/hashicorp/aws\"]","instances":[{"schema_version":0,"attributes":{"id":"1077804475","json":"{\n  \"Version\": \"2012-10-17\",\n  \"Statement\": [\n    {\n      \"Effect\": \"Allow\",\n      \"Action\": \"sts:AssumeRole\",\n      \"Principal\": {\n        \"Service\": \"ecs-tasks.amazonaws.com\"\n      }\n    }\n  ]\n}","minified_json":"{\"Version\":\"2012-10-17\",\"Statement\":[{\"Effect\":\"Allow\",\"Action\":\"sts:AssumeRole\",\"Principal\":{\"Service\":\"ecs-tasks.amazonaws.com\"}}]}","override_json":null,"override_policy_documents":null,"policy_id":null,"source_json":null,"source_policy_documents":null,"statement":[{"actions":["sts:AssumeRole"],"condition":[],"effect":"Allow","not_actions":[],"not_principals":[],"not_resources":[],"principals":[{"identifiers":["ecs-tasks.amazonaws.com"],"type":"Service"}],"resources":[],"sid":""}],"version":"2012-10-17"},"sensitive_attributes":[]}]},{"mode":"data","type":"aws_route53_zone","name":"primary","provider":"provider[\"registry.opentofu.org/hashicorp/aws\"]","instances":[{"schema_version":0,"attributes":{"arn":"arn:aws:route53:::hostedzone/Z1018498ODQV33FQV84C","caller_reference":"RISWorkflow-RD:b765f47c-61ae-4717-96a5-758199ae6bb9","comment":"HostedZone created by Route53 Registrar","id":"Z1018498ODQV33FQV84C","linked_service_description":null,"linked_service_principal":null,"name":"c64gotd.com","name_servers":["ns-1372.awsdns-43.org","ns-200.awsdns-25.com","ns-755.awsdns-30.net","ns-1772.awsdns-29.co.uk"],"primary_name_server":"ns-1372.awsdns-43.org","private_zone":false,"resource_record_set_count":6,"tags":{},"vpc_id":null,"zone_id":"Z1018498ODQV33FQV84C"},"sensitive_attributes":[]}]},{"mode":"managed","type":"aws_acm_certificate","name":"frontend","provider":"provider[\"registry.opentofu.org/hashicorp/aws\"].us_east_1","instances":[{"schema_version":0,"attributes":{"arn":"arn:aws:acm:us-east-1:478993292699:certificate/6aae93d3-7e60-46d0-bf3b-68471c1bbee0","certificate_authority_arn":"","certificate_body":null,"certificate_chain":null,"domain_name":"c64gotd.com","domain_validation_options":[{"domain_name":"c64gotd.com","resource_record_name":"_0c82970b5c1d0227a2b429ea92f427cf.c64gotd.com.","resource_record_type":"CNAME","resource_record_value":"_027e4d6e8dbb18a54c9afd27c75933e6.xlfgrmvvlj.acm-validations.aws."},{"domain_name":"www.c64gotd.com","resource_record_name":"_b8da903036e6baae51da303a89b8db95.www.c64gotd.com.","resource_record_type":"CNAME","resource_record_value":"_3f5c4e03e4f592fe03de473874b152c5.xlfgrmvvlj.acm-validations.aws."}],"early_renewal_duration":"","id":"arn:aws:acm:us-east-1:478993292699:certificate/6aae93d3-7e60-46d0-bf3b-68471c1bbee0","key_algorithm":"RSA_2048","not_after":"2026-07-30T23:59:59Z","not_before":"2025-07-01T00:00:00Z","options":[{"certificate_transparency_logging_preference":"ENABLED"}],"pending_renewal":false,"private_key":null,"region":"us-east-1","renewal_eligibility":"ELIGIBLE","renewal_summary":[],"status":"ISSUED","subject_alternative_names":["c64gotd.com","www.c64gotd.com"],"tags":{},"tags_all":{},"type":"AMAZON_ISSUED","validation_emails":[],"validation_method":"DNS","validation_option":[]},"sensitive_attributes":[[{"type":"get_attr","value":"private_key"}]],"private":"bnVsbA=="}]},{"mode":"managed","type":"aws_acm_certificate_validation","name":"frontend","provider":"provider[\"registry.opentofu.org/hashicorp/aws\"].us_east_1","instances":[{"schema_version":0,"attributes":{"certificate_arn":"arn:aws:acm:us-east-1:478993292699:certificate/6aae93d3-7e60-46d0-bf3b-68471c1bbee0","id":"2025-07-01 14:06:00.849 +0000 UTC","region":"us-east-1","timeouts":null,"validation_record_fqdns":["_0c82970b5c1d0227a2b429ea92f427cf.c64gotd.com","_b8da903036e6baae51da303a89b8db95.www.c64gotd.com"]},"sensitive_attributes":[],"private":"eyJlMmJmYjczMC1lY2FhLTExZTYtOGY4OC0zNDM2M2JjN2M0YzAiOnsiY3JlYXRlIjo0NTAwMDAwMDAwMDAwfX0=","dependencies":["aws_acm_certificate.frontend","aws_route53_record.frontend_cert_validation","data.aws_route53_zone.primary"]}]},{"mode":"managed","type":"aws_autoscaling_group","name":"ecs","provider":"provider[\"registry.opentofu.org/hashicorp/aws\"]","instances":[{"schema_version":1,"attributes":{"arn":"arn:aws:autoscaling:us-east-1:478993292699:autoScalingGroup:e70b02ed-62b7-491d-8f27-bda2c2bfe3a2:autoScalingGroupName/c64gotd-ecs-asg","availability_zone_distribution":[{"capacity_distribution_strategy":"balanced-best-effort"}],"availability_zones":["us-east-1a","us-east-1b"],"capacity_rebalance":false,"capacity_reservation_specification":[{"capacity_reservation_preference":"default","capacity_reservation_target":[]}],"context":"","default_cooldown":300,"default_instance_warmup":0,"desired_capacity":1,"desired_capacity_type":"","enabled_metrics":[],"force_delete":false,"force_delete_warm_pool":false,"health_check_grace_period":300,"health_check_type":"EC2","id":"c64gotd-ecs-asg","ignore_failed_scaling_activities":false,"initial_lifecycle_hook":[],"instance_maintenance_policy":[],"instance_refresh":[],"launch_configuration":"","launch_template":[{"id":"lt-07c9530475726dffe","name":"c64gotd-ecs-20250630153040058700000003","version":"$Latest"}],"load_balancers":[],"max_instance_lifetime":0,"max_size":1,"metrics_granularity":"1Minute","min_elb_capacity":null,"min_size":1,"mixed_instances_policy":[],"name":"c64gotd-ecs-asg","name_prefix":"","placement_group":"","predicted_capacity":0,"protect_from_scale_in":false,"region":"us-east-1","service_linked_role_arn":"arn:aws:iam::478993292699:role/aws-service-role/autoscaling.amazonaws.com/AWSServiceRoleForAutoScaling","suspended_processes":[],"tag":[{"key":"Name","propagate_at_launch":true,"value":"c64gotd-ecs"}],"target_group_arns":[],"termination_policies":[],"timeouts":null,"traffic_source":[],"vpc_zone_identifier":["subnet-012a72fe84d7b43a5","subnet-0e1a9ac32c30cc1f1"],"wait_for_capacity_timeout":"10m","wait_for_elb_capacity":null,"warm_pool":[],"warm_pool_size":0},"sensitive_attributes":[],"private":"eyJlMmJmYjczMC1lY2FhLTExZTYtOGY4OC0zNDM2M2JjN2M0YzAiOnsiZGVsZXRlIjo2MDAwMDAwMDAwMDAsInVwZGF0ZSI6NjAwMDAwMDAwMDAwfSwic2NoZW1hX3ZlcnNpb24iOiIxIn0=","dependencies":["aws_ecs_cluster.main","aws_iam_instance_profile.ecs_instance","aws_iam_role.ecs_instance","aws_launch_template.ecs","aws_subnet.public","aws_vpc.main","data.aws_ami.ecs","data.aws_availability_zones.available","data.aws_iam_policy_document.ecs_instance_assume_role"]}]},{"mode":"managed","type":"aws_cloudfront_distribution","name":"frontend","provider":"provider[\"registry.opentofu.org/hashicorp/aws\"]","instances":[{"schema_version":1,"attributes":{"aliases":["c64gotd.com","www.c64gotd.com"],"arn":"arn:aws:cloudfront::478993292699:distribution/E3QQQL4CDR61KF","caller_reference":"terraform-20250630165154299400000001","comment":null,"continuous_deployment_policy_id":"","custom_error_response":[],"default_cache_behavior":[{"allowed_methods":["GET","HEAD","OPTIONS"],"cache_policy_id":"","cached_methods":["GET","HEAD"],"compress":true,"default_ttl":0,"field_level_encryption_id":"","forwarded_values":[{"cookies":[{"forward":"none","whitelisted_names":[]}],"headers":[],"query_string":false,"query_string_cache_keys":[]}],"function_association":[],"grpc_config":[{"enabled":false}],"lambda_function_association":[],"max_ttl":0,"min_ttl":0,"origin_request_policy_id":"","realtime_log_config_arn":"","response_headers_policy_id":"","smooth_streaming":false,"target_origin_id":"frontendS3Origin","trusted_key_groups":[],"trusted_signers":[],"viewer_protocol_policy":"redirect-to-https"}],"default_root_object":"index.html","domain_name":"dyz7n9r0dwcnz.cloudfront.net","enabled":true,"etag":"E11H6HCA8H9LRN","hosted_zone_id":"Z2FDTNDATAQYW2","http_version":"http2","id":"E3QQQL4CDR61KF","in_progress_validation_batches":0,"is_ipv6_enabled":false,"last_modified_time":"2025-07-08 14:37:17.699 +0000 UTC","logging_config":[],"ordered_cache_behavior":[{"allowed_methods":["GET","HEAD","OPTIONS"],"cache_policy_id":"","cached_methods":["GET","HEAD"],"compress":true,"default_ttl":86400,"field_level_encryption_id":"","forwarded_values":[{"cookies":[{"forward":"none","whitelisted_names":[]}],"headers":[],"query_string":false,"query_string_cache_keys":[]}],"function_association":[],"grpc_config":[{"enabled":false}],"lambda_function_association":[],"max_ttl":31536000,"min_ttl":0,"origin_request_policy_id":"","path_pattern":"/games/*","realtime_log_config_arn":"","response_headers_policy_id":"","smooth_streaming":false,"target_origin_id":"gamesS3Origin","trusted_key_groups":[],"trusted_signers":[],"viewer_protocol_policy":"redirect-to-https"},{"allowed_methods":["DELETE","GET","HEAD","OPTIONS","PATCH","POST","PUT"],"cache_policy_id":"","cached_methods":["GET","HEAD"],"compress":true,"default_ttl":0,"field_level_encryption_id":"","forwarded_values":[{"cookies":[{"forward":"all","whitelisted_names":[]}],"headers":["*","Authorization","Content-Type","Origin"],"query_string":true,"query_string_cache_keys":[]}],"function_association":[],"grpc_config":[{"enabled":false}],"lambda_function_association":[],"max_ttl":0,"min_ttl":0,"origin_request_policy_id":"","path_pattern":"/api/*","realtime_log_config_arn":"","response_headers_policy_id":"","smooth_streaming":false,"target_origin_id":"backend-alb","trusted_key_groups":[],"trusted_signers":[],"viewer_protocol_policy":"redirect-to-https"}],"origin":[{"connection_attempts":3,"connection_timeout":10,"custom_header":[],"custom_origin_config":[{"http_port":80,"https_port":443,"origin_keepalive_timeout":5,"origin_protocol_policy":"http-only","origin_read_timeout":30,"origin_ssl_protocols":["TLSv1.2"]}],"domain_name":"c64gotd-alb-1035471567.us-east-1.elb.amazonaws.com","origin_access_control_id":"","origin_id":"backend-alb","origin_path":"","origin_shield":[],"s3_origin_config":[],"vpc_origin_config":[]},{"connection_attempts":3,"connection_timeout":10,"custom_header":[],"custom_origin_config":[],"domain_name":"c64gotd-frontend-478993292699.s3.us-east-1.amazonaws.com","origin_access_control_id":"E1TAQRXHAHERW1","origin_id":"frontendS3Origin","origin_path":"","origin_shield":[],"s3_origin_config":[],"vpc_origin_config":[]},{"connection_attempts":3,"connection_timeout":10,"custom_header":[],"custom_origin_config":[],"domain_name":"c64gotd-games-storage.s3.us-east-1.amazonaws.com","origin_access_control_id":"E1TAQRXHAHERW1","origin_id":"gamesS3Origin","origin_path":"","origin_shield":[],"s3_origin_config":[],"vpc_origin_config":[]}],"origin_group":[],"price_class":"PriceClass_All","restrictions":[{"geo_restriction":[{"locations":[],"restriction_type":"none"}]}],"retain_on_delete":false,"staging":false,"status":"Deployed","tags":{"Project":"c64gotd"},"tags_all":{"Project":"c64gotd"},"trusted_key_groups":[{"enabled":false,"items":[]}],"trusted_signers":[{"enabled":false,"items":[]}],"viewer_certificate":[{"acm_certificate_arn":"arn:aws:acm:us-east-1:478993292699:certificate/6aae93d3-7e60-46d0-bf3b-68471c1bbee0","cloudfront_default_certificate":false,"iam_certificate_id":"","minimum_protocol_version":"TLSv1","ssl_support_method":"sni-only"}],"wait_for_deployment":true,"web_acl_id":""},"sensitive_attributes":[],"private":"eyJzY2hlbWFfdmVyc2lvbiI6IjEifQ==","dependencies":["aws_acm_certificate.frontend","aws_cloudfront_origin_access_control.frontend_s3_oac","aws_lb.app","aws_s3_bucket.frontend","aws_s3_bucket.games","aws_security_group.alb","aws_subnet.public","aws_vpc.main","data.aws_availability_zones.available"]}]},{"mode":"managed","type":"aws_cloudfront_origin_access_control","name":"frontend_s3_oac","provider":"provider[\"registry.opentofu.org/hashicorp/aws\"]","instances":[{"schema_version":0,"attributes":{"arn":"arn:aws:cloudfront::478993292699:origin-access-control/E1TAQRXHAHERW1","description":"OAC for S3 frontend bucket","etag":"ETVPDKIKX0DER","id":"E1TAQRXHAHERW1","name":"frontend-s3-oac","origin_access_control_origin_type":"s3","signing_behavior":"always","signing_protocol":"sigv4"},"sensitive_attributes":[],"private":"bnVsbA=="}]},{"mode":"managed","type":"aws_cloudwatch_log_group","name":"ecs","provider":"provider[\"registry.opentofu.org/hashicorp/aws\"]","instances":[{"schema_version":0,"attributes":{"arn":"arn:aws:logs:us-east-1:478993292699:log-group:/ecs/c64gotd","id":"/ecs/c64gotd","kms_key_id":"","log_group_class":"STANDARD","name":"/ecs/c64gotd","name_prefix":"","region":"us-east-1","retention_in_days":3,"skip_destroy":false,"tags":{},"tags_all":{}},"sensitive_attributes":[],"private":"bnVsbA=="}]},{"mode":"managed","type":"aws_ecr_repository","name":"app","provider":"provider[\"registry.opentofu.org/hashicorp/aws\"]","instances":[{"schema_version":0,"attributes":{"arn":"arn:aws:ecr:us-east-1:478993292699:repository/c64gotd-repo","encryption_configuration":[{"encryption_type":"AES256","kms_key":""}],"force_delete":null,"id":"c64gotd-repo","image_scanning_configuration":[{"scan_on_push":false}],"image_tag_mutability":"MUTABLE","name":"c64gotd-repo","region":"us-east-1","registry_id":"478993292699","repository_url":"478993292699.dkr.ecr.us-east-1.amazonaws.com/c64gotd-repo","tags":{},"tags_all":{},"timeouts":null},"sensitive_attributes":[],"private":"eyJlMmJmYjczMC1lY2FhLTExZTYtOGY4OC0zNDM2M2JjN2M0YzAiOnsiZGVsZXRlIjoxMjAwMDAwMDAwMDAwfX0="}]},{"mode":"managed","type":"aws_ecr_repository","name":"backend","provider":"provider[\"registry.opentofu.org/hashicorp/aws\"]","instances":[{"schema_version":0,"attributes":{"arn":"arn:aws:ecr:us-east-1:478993292699:repository/c64gotd-backend","encryption_configuration":[{"encryption_type":"AES256","kms_key":""}],"force_delete":null,"id":"c64gotd-backend","image_scanning_configuration":[{"scan_on_push":false}],"image_tag_mutability":"MUTABLE","name":"c64gotd-backend","region":"us-east-1","registry_id":"478993292699","repository_url":"478993292699.dkr.ecr.us-east-1.amazonaws.com/c64gotd-backend","tags":{},"tags_all":{},"timeouts":null},"sensitive_attributes":[],"private":"eyJlMmJmYjczMC1lY2FhLTExZTYtOGY4OC0zNDM2M2JjN2M0YzAiOnsiZGVsZXRlIjoxMjAwMDAwMDAwMDAwfX0="}]},{"mode":"managed","type":"aws_ecs_cluster","name":"main","provider":"provider[\"registry.opentofu.org/hashicorp/aws\"]","instances":[{"schema_version":0,"attributes":{"arn":"arn:aws:ecs:us-east-1:478993292699:cluster/c64gotd-cluster","configuration":[],"id":"arn:aws:ecs:us-east-1:478993292699:cluster/c64gotd-cluster","name":"c64gotd-cluster","region":"us-east-1","service_connect_defaults":[],"setting":[{"name":"containerInsights","value":"disabled"}],"tags":{},"tags_all":{}},"sensitive_attributes":[],"private":"bnVsbA=="}]},{"mode":"managed","type":"aws_ecs_service","name":"app","provider":"provider[\"registry.opentofu.org/hashicorp/aws\"]","instances":[{"schema_version":1,"attributes":{"alarms":[],"arn":"arn:aws:ecs:us-east-1:478993292699:service/c64gotd-cluster/c64gotd-service","availability_zone_rebalancing":"DISABLED","capacity_provider_strategy":[],"cluster":"arn:aws:ecs:us-east-1:478993292699:cluster/c64gotd-cluster","deployment_circuit_breaker":[{"enable":false,"rollback":false}],"deployment_controller":[{"type":"ECS"}],"deployment_maximum_percent":200,"deployment_minimum_healthy_percent":100,"desired_count":1,"enable_ecs_managed_tags":false,"enable_execute_command":false,"force_delete":null,"force_new_deployment":null,"health_check_grace_period_seconds":0,"iam_role":"/aws-service-role/ecs.amazonaws.com/AWSServiceRoleForECS","id":"arn:aws:ecs:us-east-1:478993292699:service/c64gotd-cluster/c64gotd-service","launch_type":"EC2","load_balancer":[{"container_name":"c64gotd-container","container_port":80,"elb_name":"","target_group_arn":"arn:aws:elasticloadbalancing:us-east-1:478993292699:targetgroup/c64gotd-tg/19060666c3ba2d52"}],"name":"c64gotd-service","network_configuration":[],"ordered_placement_strategy":[],"placement_constraints":[],"platform_version":"","propagate_tags":"NONE","region":"us-east-1","scheduling_strategy":"REPLICA","service_connect_configuration":[],"service_registries":[],"tags":{},"tags_all":{},"task_definition":"arn:aws:ecs:us-east-1:478993292699:task-definition/c64gotd-task:5","timeouts":null,"triggers":{},"volume_configuration":[],"vpc_lattice_configurations":[],"wait_for_steady_state":false},"sensitive_attributes":[],"private":"eyJlMmJmYjczMC1lY2FhLTExZTYtOGY4OC0zNDM2M2JjN2M0YzAiOnsiY3JlYXRlIjoxMjAwMDAwMDAwMDAwLCJkZWxldGUiOjEyMDAwMDAwMDAwMDAsInVwZGF0ZSI6MTIwMDAwMDAwMDAwMH0sInNjaGVtYV92ZXJzaW9uIjoiMSJ9","dependencies":["aws_ecr_repository.backend","aws_ecs_cluster.main","aws_ecs_task_definition.app","aws_iam_role.ecs_task_execution","aws_lb.app","aws_lb_listener.http","aws_lb_target_group.app","aws_security_group.alb","aws_subnet.public","aws_vpc.main","data.aws_availability_zones.available","data.aws_iam_policy_document.ecs_task_execution_assume_role"]}]},{"mode":"managed","type":"aws_ecs_task_definition","name":"app","provider":"provider[\"registry.opentofu.org/hashicorp/aws\"]","instances":[{"schema_version":1,"attributes":{"arn":"arn:aws:ecs:us-east-1:478993292699:task-definition/c64gotd-task:5","arn_without_revision":"arn:aws:ecs:us-east-1:478993292699:task-definition/c64gotd-task","container_definitions":"[{\"environment\":[{\"name\":\"CLOUDFRONT_DOMAIN\",\"value\":\"https://www.c64gotd.com\"},{\"name\":\"ENV_FILE\",\"value\":\"/app/.env.prod\"}],\"essential\":true,\"image\":\"478993292699.dkr.ecr.us-east-1.amazonaws.com/c64gotd-backend:latest\",\"logConfiguration\":{\"logDriver\":\"awslogs\",\"options\":{\"awslogs-group\":\"/ecs/c64gotd\",\"awslogs-region\":\"us-east-1\",\"awslogs-stream-prefix\":\"ecs\"}},\"mountPoints\":[],\"name\":\"c64gotd-container\",\"portMappings\":[{\"containerPort\":80,\"hostPort\":80,\"protocol\":\"tcp\"}],\"systemControls\":[],\"volumesFrom\":[]}]","cpu":"256","enable_fault_injection":false,"ephemeral_storage":[],"execution_role_arn":"arn:aws:iam::478993292699:role/c64gotd-ecs-task-execution-role","family":"c64gotd-task","id":"c64gotd-task","ipc_mode":"","memory":"256","network_mode":"bridge","pid_mode":"","placement_constraints":[],"proxy_configuration":[],"region":"us-east-1","requires_compatibilities":["EC2"],"revision":5,"runtime_platform":[],"skip_destroy":false,"tags":{"Project":"c64gotd"},"tags_all":{"Project":"c64gotd"},"task_role_arn":"","track_latest":false,"volume":[]},"sensitive_attributes":[],"private":"eyJzY2hlbWFfdmVyc2lvbiI6IjEifQ==","dependencies":["aws_ecr_repository.backend","aws_iam_role.ecs_task_execution","data.aws_iam_policy_document.ecs_task_execution_assume_role"]}]},{"mode":"managed","type":"aws_iam_instance_profile","name":"ecs_instance","provider":"provider[\"registry.opentofu.org/hashicorp/aws\"]","instances":[{"schema_version":0,"attributes":{"arn":"arn:aws:iam::478993292699:instance-profile/c64gotd-ecs-instance-profile","create_date":"2025-06-30T15:30:30Z","id":"c64gotd-ecs-instance-profile","name":"c64gotd-ecs-instance-profile","name_prefix":"","path":"/","role":"c64gotd-ecs-instance-role","tags":{},"tags_all":{},"unique_id":"AIPAW7BRZTWNQXOZVGFWY"},"sensitive_attributes":[],"private":"bnVsbA==","dependencies":["aws_iam_role.ecs_instance","data.aws_iam_policy_document.ecs_instance_assume_role"]}]},{"mode":"managed","type":"aws_iam_role","name":"ecs_instance","provider":"provider[\"registry.opentofu.org/hashicorp/aws\"]","instances":[{"schema_version":0,"attributes":{"arn":"arn:aws:iam::478993292699:role/c64gotd-ecs-instance-role","assume_role_policy":"{\"Statement\":[{\"Action\":\"sts:AssumeRole\",\"Effect\":\"Allow\",\"Principal\":{\"Service\":\"ec2.amazonaws.com\"}}],\"Version\":\"2012-10-17\"}","create_date":"2025-06-30T15:30:29Z","description":"","force_detach_policies":false,"id":"c64gotd-ecs-instance-role","inline_policy":[],"managed_policy_arns":["arn:aws:iam::aws:policy/service-role/AmazonEC2ContainerServiceforEC2Role"],"max_session_duration":3600,"name":"c64gotd-ecs-instance-role","name_prefix":"","path":"/","permissions_boundary":"","tags":{},"tags_all":{},"unique_id":"AROAW7BRZTWNR4DHEXQBA"},"sensitive_attributes":[],"private":"bnVsbA==","dependencies":["data.aws_iam_policy_document.ecs_instance_assume_role"]}]},{"mode":"managed","type":"aws_iam_role","name":"ecs_task_execution","provider":"provider[\"registry.opentofu.org/hashicorp/aws\"]","instances":[{"schema_version":0,"attributes":{"arn":"arn:aws:iam::478993292699:role/c64gotd-ecs-task-execution-role","assume_role_policy":"{\"Statement\":[{\"Action\":\"sts:AssumeRole\",\"Effect\":\"Allow\",\"Principal\":{\"Service\":\"ecs-tasks.amazonaws.com\"}}],\"Version\":\"2012-10-17\"}","create_date":"2025-06-30T15:30:29Z","description":"","force_detach_policies":false,"id":"c64gotd-ecs-task-execution-role","inline_policy":[],"managed_policy_arns":["arn:aws:iam::aws:policy/service-role/AmazonECSTaskExecutionRolePolicy"],"max_session_duration":3600,"name":"c64gotd-ecs-task-execution-role","name_prefix":"","path":"/","permissions_boundary":"","tags":{},"tags_all":{},"unique_id":"AROAW7BRZTWN3GXRJB62B"},"sensitive_attributes":[],"private":"bnVsbA==","dependencies":["data.aws_iam_policy_document.ecs_task_execution_assume_role"]}]},{"mode":"managed","type":"aws_iam_role_policy_attachment","name":"ecs_instance","provider":"provider[\"registry.opentofu.org/hashicorp/aws\"]","instances":[{"schema_version":0,"attributes":{"id":"c64gotd-ecs-instance-role-20250630153029869900000002","policy_arn":"arn:aws:iam::aws:policy/service-role/AmazonEC2ContainerServiceforEC2Role","role":"c64gotd-ecs-instance-role"},"sensitive_attributes":[],"private":"bnVsbA==","dependencies":["aws_iam_role.ecs_instance","data.aws_iam_policy_document.ecs_instance_assume_role"]}]},{"mode":"managed","type":"aws_iam_role_policy_attachment","name":"ecs_task_execution","provider":"provider[\"registry.opentofu.org/hashicorp/aws\"]","instances":[{"schema_version":0,"attributes":{"id":"c64gotd-ecs-task-execution-role-20250630153029857500000001","policy_arn":"arn:aws:iam::aws:policy/service-role/AmazonECSTaskExecutionRolePolicy","role":"c64gotd-ecs-task-execution-role"},"sensitive_attributes":[],"private":"bnVsbA==","dependencies":["aws_iam_role.ecs_task_execution","data.aws_iam_policy_document.ecs_task_execution_assume_role"]}]},{"mode":"managed","type":"aws_internet_gateway","name":"gw","provider":"provider[\"registry.opentofu.org/hashicorp/aws\"]","instances":[{"schema_version":0,"attributes":{"arn":"arn:aws:ec2:us-east-1:478993292699:internet-gateway/igw-064b2a17c32c04b8d","id":"igw-064b2a17c32c04b8d","owner_id":"478993292699","region":"us-east-1","tags":{"Name":"c64gotd-igw"},"tags_all":{"Name":"c64gotd-igw"},"timeouts":null,"vpc_id":"vpc-07cd78563a5f2a5fe"},"sensitive_attributes":[],"private":"eyJlMmJmYjczMC1lY2FhLTExZTYtOGY4OC0zNDM2M2JjN2M0YzAiOnsiY3JlYXRlIjoxMjAwMDAwMDAwMDAwLCJkZWxldGUiOjEyMDAwMDAwMDAwMDAsInVwZGF0ZSI6MTIwMDAwMDAwMDAwMH19","dependencies":["aws_vpc.main"]}]},{"mode":"managed","type":"aws_launch_template","name":"ecs","provider":"provider[\"registry.opentofu.org/hashicorp/aws\"]","instances":[{"schema_version":0,"attributes":{"arn":"arn:aws:ec2:us-east-1:478993292699:launch-template/lt-07c9530475726dffe","block_device_mappings":[],"capacity_reservation_specification":[],"cpu_options":[],"credit_specification":[],"default_version":1,"description":"","disable_api_stop":false,"disable_api_termination":false,"ebs_optimized":"","enclave_options":[],"hibernation_options":[],"iam_instance_profile":[{"arn":"","name":"c64gotd-ecs-instance-profile"}],"id":"lt-07c9530475726dffe","image_id":"ami-0b42a7f312a9ed8a5","instance_initiated_shutdown_behavior":"","instance_market_options":[],"instance_requirements":[],"instance_type":"t3.micro","kernel_id":"","key_name":"","latest_version":3,"license_specification":[],"maintenance_options":[],"metadata_options":[],"monitoring":[],"name":"c64gotd-ecs-20250630153040058700000003","name_prefix":"c64gotd-ecs-","network_interfaces":[],"placement":[],"private_dns_name_options":[],"ram_disk_id":"","region":"us-east-1","security_group_names":[],"tag_specifications":[],"tags":{"Project":"c64gotd"},"tags_all":{"Project":"c64gotd"},"update_default_version":null,"user_data":"IyEvYmluL2Jhc2gKZWNobyBFQ1NfQ0xVU1RFUj1jNjRnb3RkLWNsdXN0ZXIgPj4gL2V0Yy9lY3MvZWNzLmNvbmZpZwo=","vpc_security_group_ids":[]},"sensitive_attributes":[],"private":"bnVsbA==","dependencies":["aws_ecs_cluster.main","aws_iam_instance_profile.ecs_instance","aws_iam_role.ecs_instance","data.aws_ami.ecs","data.aws_iam_policy_document.ecs_instance_assume_role"]}]},{"mode":"managed","type":"aws_lb","name":"app","provider":"provider[\"registry.opentofu.org/hashicorp/aws\"]","instances":[{"schema_version":0,"attributes":{"access_logs":[{"bucket":"","enabled":false,"prefix":""}],"arn":"arn:aws:elasticloadbalancing:us-east-1:478993292699:loadbalancer/app/c64gotd-alb/513b4c3d1e76479e","arn_suffix":"app/c64gotd-alb/513b4c3d1e76479e","client_keep_alive":3600,"connection_logs":[{"bucket":"","enabled":false,"prefix":""}],"customer_owned_ipv4_pool":"","desync_mitigation_mode":"defensive","dns_name":"c64gotd-alb-1035471567.us-east-1.elb.amazonaws.com","dns_record_client_routing_policy":null,"drop_invalid_header_fields":false,"enable_cross_zone_load_balancing":true,"enable_deletion_protection":false,"enable_http2":true,"enable_tls_version_and_cipher_suite_headers":false,"enable_waf_fail_open":false,"enable_xff_client_port":false,"enable_zonal_shift":false,"enforce_security_group_inbound_rules_on_private_link_traffic":"","id":"arn:aws:elasticloadbalancing:us-east-1:478993292699:loadbalancer/app/c64gotd-alb/513b4c3d1e76479e","idle_timeout":60,"internal":false,"ip_address_type":"ipv4","ipam_pools":[],"load_balancer_type":"application","minimum_load_balancer_capacity":[],"name":"c64gotd-alb","name_prefix":"","preserve_host_header":false,"region":"us-east-1","security_groups":["sg-0fbb798bd4158dd33"],"subnet_mapping":[{"allocation_id":"","ipv6_address":"","outpost_id":"","private_ipv4_address":"","subnet_id":"subnet-012a72fe84d7b43a5"},{"allocation_id":"","ipv6_address":"","outpost_id":"","private_ipv4_address":"","subnet_id":"subnet-0e1a9ac32c30cc1f1"}],"subnets":["subnet-012a72fe84d7b43a5","subnet-0e1a9ac32c30cc1f1"],"tags":{},"tags_all":{},"timeouts":null,"vpc_id":"vpc-07cd78563a5f2a5fe","xff_header_processing_mode":"append","zone_id":"Z35SXDOTRQ7X7K"},"sensitive_attributes":[],"private":"eyJlMmJmYjczMC1lY2FhLTExZTYtOGY4OC0zNDM2M2JjN2M0YzAiOnsiY3JlYXRlIjo2MDAwMDAwMDAwMDAsImRlbGV0ZSI6NjAwMDAwMDAwMDAwLCJ1cGRhdGUiOjYwMDAwMDAwMDAwMH19","dependencies":["aws_security_group.alb","aws_subnet.public","aws_vpc.main","data.aws_availability_zones.available"]}]},{"mode":"managed","type":"aws_lb_listener","name":"http","provider":"provider[\"registry.opentofu.org/hashicorp/aws\"]","instances":[{"schema_version":0,"attributes":{"alpn_policy":null,"arn":"arn:aws:elasticloadbalancing:us-east-1:478993292699:listener/app/c64gotd-alb/513b4c3d1e76479e/68af6e3b3f888111","certificate_arn":null,"default_action":[{"authenticate_cognito":[],"authenticate_oidc":[],"fixed_response":[],"forward":[],"order":1,"redirect":[],"target_group_arn":"arn:aws:elasticloadbalancing:us-east-1:478993292699:targetgroup/c64gotd-tg/19060666c3ba2d52","type":"forward"}],"id":"arn:aws:elasticloadbalancing:us-east-1:478993292699:listener/app/c64gotd-alb/513b4c3d1e76479e/68af6e3b3f888111","load_balancer_arn":"arn:aws:elasticloadbalancing:us-east-1:478993292699:loadbalancer/app/c64gotd-alb/513b4c3d1e76479e","mutual_authentication":[],"port":80,"protocol":"HTTP","region":"us-east-1","routing_http_request_x_amzn_mtls_clientcert_header_name":null,"routing_http_request_x_amzn_mtls_clientcert_issuer_header_name":null,"routing_http_request_x_amzn_mtls_clientcert_leaf_header_name":null,"routing_http_request_x_amzn_mtls_clientcert_serial_number_header_name":null,"routing_http_request_x_amzn_mtls_clientcert_subject_header_name":null,"routing_http_request_x_amzn_mtls_clientcert_validity_header_name":null,"routing_http_request_x_amzn_tls_cipher_suite_header_name":null,"routing_http_request_x_amzn_tls_version_header_name":null,"routing_http_response_access_control_allow_credentials_header_value":"","routing_http_response_access_control_allow_headers_header_value":"","routing_http_response_access_control_allow_methods_header_value":"","routing_http_response_access_control_allow_origin_header_value":"","routing_http_response_access_control_expose_headers_header_value":"","routing_http_response_access_control_max_age_header_value":"","routing_http_response_content_security_policy_header_value":"","routing_http_response_server_enabled":true,"routing_http_response_strict_transport_security_header_value":"","routing_http_response_x_content_type_options_header_value":"","routing_http_response_x_frame_options_header_value":"","ssl_policy":"","tags":{},"tags_all":{},"tcp_idle_timeout_seconds":null,"timeouts":null},"sensitive_attributes":[],"private":"eyJlMmJmYjczMC1lY2FhLTExZTYtOGY4OC0zNDM2M2JjN2M0YzAiOnsiY3JlYXRlIjozMDAwMDAwMDAwMDAsInVwZGF0ZSI6MzAwMDAwMDAwMDAwfX0=","dependencies":["aws_lb.app","aws_lb_target_group.app","aws_security_group.alb","aws_subnet.public","aws_vpc.main","data.aws_availability_zones.available"]}]},{"mode":"managed","type":"aws_lb_target_group","name":"app","provider":"provider[\"registry.opentofu.org/hashicorp/aws\"]","instances":[{"schema_version":0,"attributes":{"arn":"arn:aws:elasticloadbalancing:us-east-1:478993292699:targetgroup/c64gotd-tg/19060666c3ba2d52","arn_suffix":"targetgroup/c64gotd-tg/19060666c3ba2d52","connection_termination":null,"deregistration_delay":"300","health_check":[{"enabled":true,"healthy_threshold":2,"interval":30,"matcher":"200","path":"/health","port":"traffic-port","protocol":"HTTP","timeout":5,"unhealthy_threshold":2}],"id":"arn:aws:elasticloadbalancing:us-east-1:478993292699:targetgroup/c64gotd-tg/19060666c3ba2d52","ip_address_type":"ipv4","lambda_multi_value_headers_enabled":false,"load_balancer_arns":["arn:aws:elasticloadbalancing:us-east-1:478993292699:loadbalancer/app/c64gotd-alb/513b4c3d1e76479e"],"load_balancing_algorithm_type":"round_robin","load_balancing_anomaly_mitigation":"off","load_balancing_cross_zone_enabled":"use_load_balancer_configuration","name":"c64gotd-tg","name_prefix":"","port":80,"preserve_client_ip":null,"protocol":"HTTP","protocol_version":"HTTP1","proxy_protocol_v2":false,"region":"us-east-1","slow_start":0,"stickiness":[{"cookie_duration":86400,"cookie_name":"","enabled":false,"type":"lb_cookie"}],"tags":{},"tags_all":{},"target_failover":[{"on_deregistration":null,"on_unhealthy":null}],"target_group_health":[{"dns_failover":[{"minimum_healthy_targets_count":"1","minimum_healthy_targets_percentage":"off"}],"unhealthy_state_routing":[{"minimum_healthy_targets_count":1,"minimum_healthy_targets_percentage":"off"}]}],"target_health_state":[{"enable_unhealthy_connection_termination":null,"unhealthy_draining_interval":null}],"target_type":"instance","vpc_id":"vpc-07cd78563a5f2a5fe"},"sensitive_attributes":[],"private":"bnVsbA==","dependencies":["aws_vpc.main"]}]},{"mode":"managed","type":"aws_route53_record","name":"frontend_alias","provider":"provider[\"registry.opentofu.org/hashicorp/aws\"]","instances":[{"schema_version":2,"attributes":{"alias":[{"evaluate_target_health":false,"name":"dyz7n9r0dwcnz.cloudfront.net","zone_id":"Z2FDTNDATAQYW2"}],"allow_overwrite":null,"cidr_routing_policy":[],"failover_routing_policy":[],"fqdn":"c64gotd.com","geolocation_routing_policy":[],"geoproximity_routing_policy":[],"health_check_id":"","id":"Z1018498ODQV33FQV84C_c64gotd.com_A","latency_routing_policy":[],"multivalue_answer_routing_policy":false,"name":"c64gotd.com","records":[],"set_identifier":"","timeouts":null,"ttl":0,"type":"A","weighted_routing_policy":[],"zone_id":"Z1018498ODQV33FQV84C"},"sensitive_attributes":[],"private":"eyJlMmJmYjczMC1lY2FhLTExZTYtOGY4OC0zNDM2M2JjN2M0YzAiOnsiY3JlYXRlIjoxODAwMDAwMDAwMDAwLCJkZWxldGUiOjE4MDAwMDAwMDAwMDAsInVwZGF0ZSI6MTgwMDAwMDAwMDAwMH0sInNjaGVtYV92ZXJzaW9uIjoiMiJ9","dependencies":["aws_acm_certificate.frontend","aws_cloudfront_distribution.frontend","aws_cloudfront_origin_access_control.frontend_s3_oac","aws_lb.app","aws_s3_bucket.frontend","aws_s3_bucket.games","aws_security_group.alb","aws_subnet.public","aws_vpc.main","data.aws_availability_zones.available","data.aws_route53_zone.primary"]}]},{"mode":"managed","type":"aws_route53_record","name":"frontend_cert_validation","provider":"provider[\"registry.opentofu.org/hashicorp/aws\"]","instances":[{"index_key":"c64gotd.com","schema_version":2,"attributes":{"alias":[],"allow_overwrite":null,"cidr_routing_policy":[],"failover_routing_policy":[],"fqdn":"_0c82970b5c1d0227a2b429ea92f427cf.c64gotd.com","geolocation_routing_policy":[],"geoproximity_routing_policy":[],"health_check_id":"","id":"Z1018498ODQV33FQV84C__0c82970b5c1d0227a2b429ea92f427cf.c64gotd.com._CNAME","latency_routing_policy":[],"multivalue_answer_routing_policy":false,"name":"_0c82970b5c1d0227a2b429ea92f427cf.c64gotd.com","records":["_027e4d6e8dbb18a54c9afd27c75933e6.xlfgrmvvlj.acm-validations.aws."],"set_identifier":"","timeouts":null,"ttl":60,"type":"CNAME","weighted_routing_policy":[],"zone_id":"Z1018498ODQV33FQV84C"},"sensitive_attributes":[],"private":"eyJlMmJmYjczMC1lY2FhLTExZTYtOGY4OC0zNDM2M2JjN2M0YzAiOnsiY3JlYXRlIjoxODAwMDAwMDAwMDAwLCJkZWxldGUiOjE4MDAwMDAwMDAwMDAsInVwZGF0ZSI6MTgwMDAwMDAwMDAwMH0sInNjaGVtYV92ZXJzaW9uIjoiMiJ9","dependencies":["aws_acm_certificate.frontend","data.aws_route53_zone.primary"]},{"index_key":"www.c64gotd.com","schema_version":2,"attributes":{"alias":[],"allow_overwrite":null,"cidr_routing_policy":[],"failover_routing_policy":[],"fqdn":"_b8da903036e6baae51da303a89b8db95.www.c64gotd.com","geolocation_routing_policy":[],"geoproximity_routing_policy":[],"health_check_id":"","id":"Z1018498ODQV33FQV84C__b8da903036e6baae51da303a89b8db95.www.c64gotd.com._CNAME","latency_routing_policy":[],"multivalue_answer_routing_policy":false,"name":"_b8da903036e6baae51da303a89b8db95.www.c64gotd.com","records":["_3f5c4e03e4f592fe03de473874b152c5.xlfgrmvvlj.acm-validations.aws."],"set_identifier":"","timeouts":null,"ttl":60,"type":"CNAME","weighted_routing_policy":[],"zone_id":"Z1018498ODQV33FQV84C"},"sensitive_attributes":[],"private":"eyJlMmJmYjczMC1lY2FhLTExZTYtOGY4OC0zNDM2M2JjN2M0YzAiOnsiY3JlYXRlIjoxODAwMDAwMDAwMDAwLCJkZWxldGUiOjE4MDAwMDAwMDAwMDAsInVwZGF0ZSI6MTgwMDAwMDAwMDAwMH0sInNjaGVtYV92ZXJzaW9uIjoiMiJ9","dependencies":["aws_acm_certificate.frontend","data.aws_route53_zone.primary"]}]},{"mode":"managed","type":"aws_route53_record","name":"frontend_www_alias","provider":"provider[\"registry.opentofu.org/hashicorp/aws\"]","instances":[{"schema_version":2,"attributes":{"alias":[{"evaluate_target_health":false,"name":"dyz7n9r0dwcnz.cloudfront.net","zone_id":"Z2FDTNDATAQYW2"}],"allow_overwrite":null,"cidr_routing_policy":[],"failover_routing_policy":[],"fqdn":"www.c64gotd.com","geolocation_routing_policy":[],"geoproximity_routing_policy":[],"health_check_id":"","id":"Z1018498ODQV33FQV84C_www.c64gotd.com_A","latency_routing_policy":[],"multivalue_answer_routing_policy":false,"name":"www.c64gotd.com","records":[],"set_identifier":"","timeouts":null,"ttl":0,"type":"A","weighted_routing_policy":[],"zone_id":"Z1018498ODQV33FQV84C"},"sensitive_attributes":[],"private":"eyJlMmJmYjczMC1lY2FhLTExZTYtOGY4OC0zNDM2M2JjN2M0YzAiOnsiY3JlYXRlIjoxODAwMDAwMDAwMDAwLCJkZWxldGUiOjE4MDAwMDAwMDAwMDAsInVwZGF0ZSI6MTgwMDAwMDAwMDAwMH0sInNjaGVtYV92ZXJzaW9uIjoiMiJ9","dependencies":["aws_acm_certificate.frontend","aws_cloudfront_distribution.frontend","aws_cloudfront_origin_access_control.frontend_s3_oac","aws_lb.app","aws_s3_bucket.frontend","aws_s3_bucket.games","aws_security_group.alb","aws_subnet.public","aws_vpc.main","data.aws_availability_zones.available","data.aws_route53_zone.primary"]}]},{"mode":"managed","type":"aws_route_table","name":"public","provider":"provider[\"registry.opentofu.org/hashicorp/aws\"]","instances":[{"schema_version":0,"attributes":{"arn":"arn:aws:ec2:us-east-1:478993292699:route-table/rtb-08a5a80b69c47bb6a","id":"rtb-08a5a80b69c47bb6a","owner_id":"478993292699","propagating_vgws":[],"region":"us-east-1","route":[{"carrier_gateway_id":"","cidr_block":"0.0.0.0/0","core_network_arn":"","destination_prefix_list_id":"","egress_only_gateway_id":"","gateway_id":"igw-064b2a17c32c04b8d","ipv6_cidr_block":"","local_gateway_id":"","nat_gateway_id":"","network_interface_id":"","transit_gateway_id":"","vpc_endpoint_id":"","vpc_peering_connection_id":""}],"tags":{"Name":"c64gotd-public-rt"},"tags_all":{"Name":"c64gotd-public-rt"},"timeouts":null,"vpc_id":"vpc-07cd78563a5f2a5fe"},"sensitive_attributes":[],"private":"eyJlMmJmYjczMC1lY2FhLTExZTYtOGY4OC0zNDM2M2JjN2M0YzAiOnsiY3JlYXRlIjozMDAwMDAwMDAwMDAsImRlbGV0ZSI6MzAwMDAwMDAwMDAwLCJ1cGRhdGUiOjEyMDAwMDAwMDAwMH19","dependencies":["aws_internet_gateway.gw","aws_vpc.main"]}]},{"mode":"managed","type":"aws_route_table_association","name":"public","provider":"provider[\"registry.opentofu.org/hashicorp/aws\"]","instances":[{"index_key":0,"schema_version":0,"attributes":{"gateway_id":"","id":"rtbassoc-044b2b572c0e1cb86","region":"us-east-1","route_table_id":"rtb-08a5a80b69c47bb6a","subnet_id":"subnet-012a72fe84d7b43a5","timeouts":null},"sensitive_attributes":[],"private":"eyJlMmJmYjczMC1lY2FhLTExZTYtOGY4OC0zNDM2M2JjN2M0YzAiOnsiY3JlYXRlIjozMDAwMDAwMDAwMDAsImRlbGV0ZSI6MzAwMDAwMDAwMDAwLCJ1cGRhdGUiOjEyMDAwMDAwMDAwMH19","dependencies":["aws_internet_gateway.gw","aws_route_table.public","aws_subnet.public","aws_vpc.main","data.aws_availability_zones.available"]},{"index_key":1,"schema_version":0,"attributes":{"gateway_id":"","id":"rtbassoc-00c085b30e058859b","region":"us-east-1","route_table_id":"rtb-08a5a80b69c47bb6a","subnet_id":"subnet-0e1a9ac32c30cc1f1","timeouts":null},"sensitive_attributes":[],"private":"eyJlMmJmYjczMC1lY2FhLTExZTYtOGY4OC0zNDM2M2JjN2M0YzAiOnsiY3JlYXRlIjozMDAwMDAwMDAwMDAsImRlbGV0ZSI6MzAwMDAwMDAwMDAwLCJ1cGRhdGUiOjEyMDAwMDAwMDAwMH19","dependencies":["aws_internet_gateway.gw","aws_route_table.public","aws_subnet.public","aws_vpc.main","data.aws_availability_zones.available"]}]},{"mode":"managed","type":"aws_s3_bucket","name":"frontend","provider":"provider[\"registry.opentofu.org/hashicorp/aws\"]","instances":[{"schema_version":0,"attributes":{"acceleration_status":"","acl":null,"arn":"arn:aws:s3:::c64gotd-frontend-478993292699","bucket":"c64gotd-frontend-478993292699","bucket_domain_name":"c64gotd-frontend-478993292699.s3.amazonaws.com","bucket_prefix":"","bucket_region":"us-east-1","bucket_regional_domain_name":"c64gotd-frontend-478993292699.s3.us-east-1.amazonaws.com","cors_rule":[],"force_destroy":false,"grant":[{"id":"8d53963411547355df7390c7e7538d44e46cf1461285d7c6569f36574c95ff4e","permissions":["FULL_CONTROL"],"type":"CanonicalUser","uri":""}],"hosted_zone_id":"Z3AQBSTGFYJSTF","id":"c64gotd-frontend-478993292699","lifecycle_rule":[],"logging":[],"object_lock_configuration":[],"object_lock_enabled":false,"policy":"{\"Statement\":[{\"Action\":\"s3:GetObject\",\"Condition\":{\"StringEquals\":{\"AWS:SourceArn\":\"arn:aws:cloudfront::478993292699:distribution/E3QQQL4CDR61KF\"}},\"Effect\":\"Allow\",\"Principal\":{\"Service\":\"cloudfront.amazonaws.com\"},\"Resource\":\"arn:aws:s3:::c64gotd-frontend-478993292699/*\",\"Sid\":\"AllowCloudFrontServicePrincipalReadOnly\"}],\"Version\":\"2012-10-17\"}","region":"us-east-1","replication_configuration":[],"request_payer":"BucketOwner","server_side_encryption_configuration":[{"rule":[{"apply_server_side_encryption_by_default":[{"kms_master_key_id":"","sse_algorithm":"AES256"}],"bucket_key_enabled":false}]}],"tags":{"Environment":"prod","Name":"c64gotd-frontend-478993292699","Project":"c64gotd"},"tags_all":{"Environment":"prod","Name":"c64gotd-frontend-478993292699","Project":"c64gotd"},"timeouts":null,"versioning":[{"enabled":false,"mfa_delete":false}],"website":[{"error_document":"index.html","index_document":"index.html","redirect_all_requests_to":"","routing_rules":""}],"website_domain":"s3-website-us-east-1.amazonaws.com","website_endpoint":"c64gotd-frontend-478993292699.s3-website-us-east-1.amazonaws.com"},"sensitive_attributes":[],"private":"eyJlMmJmYjczMC1lY2FhLTExZTYtOGY4OC0zNDM2M2JjN2M0YzAiOnsiY3JlYXRlIjoxMjAwMDAwMDAwMDAwLCJkZWxldGUiOjM2MDAwMDAwMDAwMDAsInJlYWQiOjEyMDAwMDAwMDAwMDAsInVwZGF0ZSI6MTIwMDAwMDAwMDAwMH19"}]},{"mode":"managed","type":"aws_s3_bucket","name":"games","provider":"provider[\"registry.opentofu.org/hashicorp/aws\"]","instances":[{"schema_version":0,"attributes":{"acceleration_status":"","acl":null,"arn":"arn:aws:s3:::c64gotd-games-storage","bucket":"c64gotd-games-storage","bucket_domain_name":"c64gotd-games-storage.s3.amazonaws.com","bucket_prefix":"","bucket_region":"us-east-1","bucket_regional_domain_name":"c64gotd-games-storage.s3.us-east-1.amazonaws.com","cors_rule":[{"allowed_headers":["*"],"allowed_methods":["GET"],"allowed_origins":["https://dyz7n9r0dwcnz.cloudfront.net","https://www.c64gotd.com","https://c64gotd.com"],"expose_headers":[],"max_age_seconds":3000}],"force_destroy":false,"grant":[{"id":"8d53963411547355df7390c7e7538d44e46cf1461285d7c6569f36574c95ff4e","permissions":["FULL_CONTROL"],"type":"CanonicalUser","uri":""}],"hosted_zone_id":"Z3AQBSTGFYJSTF","id":"c64gotd-games-storage","lifecycle_rule":[],"logging":[],"object_lock_configuration":[],"object_lock_enabled":false,"policy":"{\"Statement\":[{\"Action\":\"s3:GetObject\",\"Condition\":{\"StringEquals\":{\"AWS:SourceArn\":\"arn:aws:cloudfront::478993292699:distribution/E3QQQL4CDR61KF\"}},\"Effect\":\"Allow\",\"Principal\":{\"Service\":\"cloudfront.amazonaws.com\"},\"Resource\":\"arn:aws:s3:::c64gotd-games-storage/*\",\"Sid\":\"AllowCloudFrontServicePrincipalReadOnly\"}],\"Version\":\"2012-10-17\"}","region":"us-east-1","replication_configuration":[],"request_payer":"BucketOwner","server_side_encryption_configuration":[{"rule":[{"apply_server_side_encryption_by_default":[{"kms_master_key_id":"","sse_algorithm":"AES256"}],"bucket_key_enabled":false}]}],"tags":{"Environment":"dev","Name":"c64gotd-games-storage","Project":"c64gotd"},"tags_all":{"Environment":"dev","Name":"c64gotd-games-storage","Project":"c64gotd"},"timeouts":null,"versioning":[{"enabled":false,"mfa_delete":false}],"website":[],"website_domain":null,"website_endpoint":null},"sensitive_attributes":[],"private":"eyJlMmJmYjczMC1lY2FhLTExZTYtOGY4OC0zNDM2M2JjN2M0YzAiOnsiY3JlYXRlIjoxMjAwMDAwMDAwMDAwLCJkZWxldGUiOjM2MDAwMDAwMDAwMDAsInJlYWQiOjEyMDAwMDAwMDAwMDAsInVwZGF0ZSI6MTIwMDAwMDAwMDAwMH19"}]},{"mode":"managed","type":"aws_s3_bucket_cors_configuration","name":"games","provider":"provider[\"registry.opentofu.org/hashicorp/aws\"]","instances":[{"schema_version":0,"attributes":{"bucket":"c64gotd-games-storage","cors_rule":[{"allowed_headers":["*"],"allowed_methods":["GET"],"allowed_origins":["https://c64gotd.com","https://dyz7n9r0dwcnz.cloudfront.net","https://www.c64gotd.com"],"expose_headers":[],"id":"","max_age_seconds":3000}],"expected_bucket_owner":"","id":"c64gotd-games-storage","region":"us-east-1"},"sensitive_attributes":[],"private":"bnVsbA==","dependencies":["aws_acm_certificate.frontend","aws_cloudfront_distribution.frontend","aws_cloudfront_origin_access_control.frontend_s3_oac","aws_lb.app","aws_s3_bucket.frontend","aws_s3_bucket.games","aws_security_group.alb","aws_subnet.public","aws_vpc.main","data.aws_availability_zones.available"]}]},{"mode":"managed","type":"aws_s3_bucket_policy","name":"frontend","provider":"provider[\"registry.opentofu.org/hashicorp/aws\"]","instances":[{"schema_version":0,"attributes":{"bucket":"c64gotd-frontend-478993292699","id":"c64gotd-frontend-478993292699","policy":"{\"Statement\":[{\"Action\":[\"s3:GetObject\"],\"Condition\":{\"StringEquals\":{\"AWS:SourceArn\":\"arn:aws:cloudfront::478993292699:distribution/E3QQQL4CDR61KF\"}},\"Effect\":\"Allow\",\"Principal\":{\"Service\":\"cloudfront.amazonaws.com\"},\"Resource\":[\"arn:aws:s3:::c64gotd-frontend-478993292699/*\"],\"Sid\":\"AllowCloudFrontServicePrincipalReadOnly\"}],\"Version\":\"2012-10-17\"}","region":"us-east-1"},"sensitive_attributes":[],"private":"bnVsbA==","dependencies":["aws_acm_certificate.frontend","aws_cloudfront_distribution.frontend","aws_cloudfront_origin_access_control.frontend_s3_oac","aws_lb.app","aws_s3_bucket.frontend","aws_s3_bucket.games","aws_security_group.alb","aws_subnet.public","aws_vpc.main","data.aws_availability_zones.available","data.aws_caller_identity.current"]}]},{"mode":"managed","type":"aws_s3_bucket_policy","name":"games","provider":"provider[\"registry.opentofu.org/hashicorp/aws\"]","instances":[{"schema_version":0,"attributes":{"bucket":"c64gotd-games-storage","id":"c64gotd-games-storage","policy":"{\"Statement\":[{\"Action\":[\"s3:GetObject\"],\"Condition\":{\"StringEquals\":{\"AWS:SourceArn\":\"arn:aws:cloudfront::478993292699:distribution/E3QQQL4CDR61KF\"}},\"Effect\":\"Allow\",\"Principal\":{\"Service\":\"cloudfront.amazonaws.com\"},\"Resource\":[\"arn:aws:s3:::c64gotd-games-storage/*\"],\"Sid\":\"AllowCloudFrontServicePrincipalReadOnly\"}],\"Version\":\"2012-10-17\"}","region":"us-east-1"},"sensitive_attributes":[],"private":"bnVsbA==","dependencies":["aws_acm_certificate.frontend","aws_cloudfront_distribution.frontend","aws_cloudfront_origin_access_control.frontend_s3_oac","aws_lb.app","aws_s3_bucket.frontend","aws_s3_bucket.games","aws_security_group.alb","aws_subnet.public","aws_vpc.main","data.aws_availability_zones.available","data.aws_caller_identity.current"]}]},{"mode":"managed","type":"aws_s3_bucket_public_access_block","name":"frontend","provider":"provider[\"registry.opentofu.org/hashicorp/aws\"]","instances":[{"schema_version":0,"attributes":{"block_public_acls":true,"block_public_policy":true,"bucket":"c64gotd-frontend-478993292699","id":"c64gotd-frontend-478993292699","ignore_public_acls":true,"region":"us-east-1","restrict_public_buckets":true},"sensitive_attributes":[],"private":"bnVsbA==","dependencies":["aws_s3_bucket.frontend"]}]},{"mode":"managed","type":"aws_s3_bucket_website_configuration","name":"frontend","provider":"provider[\"registry.opentofu.org/hashicorp/aws\"]","instances":[{"schema_version":0,"attributes":{"bucket":"c64gotd-frontend-478993292699","error_document":[{"key":"index.html"}],"expected_bucket_owner":"","id":"c64gotd-frontend-478993292699","index_document":[{"suffix":"index.html"}],"redirect_all_requests_to":[],"region":"us-east-1","routing_rule":[],"routing_rules":"","website_domain":"s3-website-us-east-1.amazonaws.com","website_endpoint":"c64gotd-frontend-478993292699.s3-website-us-east-1.amazonaws.com"},"sensitive_attributes":[],"private":"bnVsbA==","dependencies":["aws_s3_bucket.frontend"]}]},{"mode":"managed","type":"aws_security_group","name":"alb","provider":"provider[\"registry.opentofu.org/hashicorp/aws\"]","instances":[{"schema_version":1,"attributes":{"arn":"arn:aws:ec2:us-east-1:478993292699:security-group/sg-0fbb798bd4158dd33","description":"Allow HTTP inbound traffic","egress":[{"cidr_blocks":["0.0.0.0/0"],"description":"","from_port":0,"ipv6_cidr_blocks":[],"prefix_list_ids":[],"protocol":"-1","security_groups":[],"self":false,"to_port":0}],"id":"sg-0fbb798bd4158dd33","ingress":[{"cidr_blocks":["0.0.0.0/0"],"description":"","from_port":80,"ipv6_cidr_blocks":[],"prefix_list_ids":[],"protocol":"tcp","security_groups":[],"self":false,"to_port":80}],"name":"c64gotd-alb-sg","name_prefix":"","owner_id":"478993292699","region":"us-east-1","revoke_rules_on_delete":false,"tags":{},"tags_all":{},"timeouts":null,"vpc_id":"vpc-07cd78563a5f2a5fe"},"sensitive_attributes":[],"private":"eyJlMmJmYjczMC1lY2FhLTExZTYtOGY4OC0zNDM2M2JjN2M0YzAiOnsiY3JlYXRlIjo2MDAwMDAwMDAwMDAsImRlbGV0ZSI6OTAwMDAwMDAwMDAwfSwic2NoZW1hX3ZlcnNpb24iOiIxIn0=","dependencies":["aws_vpc.main"]}]},{"mode":"managed","type":"aws_security_group","name":"ecs_service","provider":"provider[\"registry.opentofu.org/hashicorp/aws\"]","instances":[{"schema_version":1,"attributes":{"arn":"arn:aws:ec2:us-east-1:478993292699:security-group/sg-091423ca5421e8135","description":"Allow HTTP from ALB to ECS tasks","egress":[{"cidr_blocks":["0.0.0.0/0"],"description":"Allow all outbound traffic","from_port":0,"ipv6_cidr_blocks":[],"prefix_list_ids":[],"protocol":"-1","security_groups":[],"self":false,"to_port":0}],"id":"sg-091423ca5421e8135","ingress":[{"cidr_blocks":[],"description":"Allow HTTP from ALB","from_port":80,"ipv6_cidr_blocks":[],"prefix_list_ids":[],"protocol":"tcp","security_groups":["sg-0fbb798bd4158dd33"],"self":false,"to_port":80}],"name":"c64gotd-ecs-service-sg","name_prefix":"","owner_id":"478993292699","region":"us-east-1","revoke_rules_on_delete":false,"tags":{},"tags_all":{},"timeouts":null,"vpc_id":"vpc-07cd78563a5f2a5fe"},"sensitive_attributes":[],"private":"eyJlMmJmYjczMC1lY2FhLTExZTYtOGY4OC0zNDM2M2JjN2M0YzAiOnsiY3JlYXRlIjo2MDAwMDAwMDAwMDAsImRlbGV0ZSI6OTAwMDAwMDAwMDAwfSwic2NoZW1hX3ZlcnNpb24iOiIxIn0=","dependencies":["aws_security_group.alb","aws_vpc.main"]}]},{"mode":"managed","type":"aws_subnet","name":"public","provider":"provider[\"registry.opentofu.org/hashicorp/aws\"]","instances":[{"index_key":0,"schema_version":1,"attributes":{"arn":"arn:aws:ec2:us-east-1:478993292699:subnet/subnet-012a72fe84d7b43a5","assign_ipv6_address_on_creation":false,"availability_zone":"us-east-1a","availability_zone_id":"use1-az2","cidr_block":"10.0.0.0/24","customer_owned_ipv4_pool":"","enable_dns64":false,"enable_lni_at_device_index":0,"enable_resource_name_dns_a_record_on_launch":false,"enable_resource_name_dns_aaaa_record_on_launch":false,"id":"subnet-012a72fe84d7b43a5","ipv6_cidr_block":"","ipv6_cidr_block_association_id":"","ipv6_native":false,"map_customer_owned_ip_on_launch":false,"map_public_ip_on_launch":true,"outpost_arn":"","owner_id":"478993292699","private_dns_hostname_type_on_launch":"ip-name","region":"us-east-1","tags":{"Name":"c64gotd-public-0"},"tags_all":{"Name":"c64gotd-public-0"},"timeouts":null,"vpc_id":"vpc-07cd78563a5f2a5fe"},"sensitive_attributes":[],"private":"eyJlMmJmYjczMC1lY2FhLTExZTYtOGY4OC0zNDM2M2JjN2M0YzAiOnsiY3JlYXRlIjo2MDAwMDAwMDAwMDAsImRlbGV0ZSI6MTIwMDAwMDAwMDAwMH0sInNjaGVtYV92ZXJzaW9uIjoiMSJ9","dependencies":["aws_vpc.main","data.aws_availability_zones.available"]},{"index_key":1,"schema_version":1,"attributes":{"arn":"arn:aws:ec2:us-east-1:478993292699:subnet/subnet-0e1a9ac32c30cc1f1","assign_ipv6_address_on_creation":false,"availability_zone":"us-east-1b","availability_zone_id":"use1-az4","cidr_block":"10.0.1.0/24","customer_owned_ipv4_pool":"","enable_dns64":false,"enable_lni_at_device_index":0,"enable_resource_name_dns_a_record_on_launch":false,"enable_resource_name_dns_aaaa_record_on_launch":false,"id":"subnet-0e1a9ac32c30cc1f1","ipv6_cidr_block":"","ipv6_cidr_block_association_id":"","ipv6_native":false,"map_customer_owned_ip_on_launch":false,"map_public_ip_on_launch":true,"outpost_arn":"","owner_id":"478993292699","private_dns_hostname_type_on_launch":"ip-name","region":"us-east-1","tags":{"Name":"c64gotd-public-1"},"tags_all":{"Name":"c64gotd-public-1"},"timeouts":null,"vpc_id":"vpc-07cd78563a5f2a5fe"},"sensitive_attributes":[],"private":"eyJlMmJmYjczMC1lY2FhLTExZTYtOGY4OC0zNDM2M2JjN2M0YzAiOnsiY3JlYXRlIjo2MDAwMDAwMDAwMDAsImRlbGV0ZSI6MTIwMDAwMDAwMDAwMH0sInNjaGVtYV92ZXJzaW9uIjoiMSJ9","dependencies":["aws_vpc.main","data.aws_availability_zones.available"]}]},{"mode":"managed","type":"aws_vpc","name":"main","provider":"provider[\"registry.opentofu.org/hashicorp/aws\"]","instances":[{"schema_version":1,"attributes":{"arn":"arn:aws:ec2:us-east-1:478993292699:vpc/vpc-07cd78563a5f2a5fe","assign_generated_ipv6_cidr_block":false,"cidr_block":"10.0.0.0/16","default_network_acl_id":"acl-00f3f380895bf1724","default_route_table_id":"rtb-07999f85ba9dfa347","default_security_group_id":"sg-034e5357dc9e82341","dhcp_options_id":"dopt-0e114118daa65c32d","enable_dns_hostnames":true,"enable_dns_support":true,"enable_network_address_usage_metrics":false,"id":"vpc-07cd78563a5f2a5fe","instance_tenancy":"default","ipv4_ipam_pool_id":null,"ipv4_netmask_length":null,"ipv6_association_id":"","ipv6_cidr_block":"","ipv6_cidr_block_network_border_group":"","ipv6_ipam_pool_id":"","ipv6_netmask_length":0,"main_route_table_id":"rtb-07999f85ba9dfa347","owner_id":"478993292699","region":"us-east-1","tags":{"Name":"c64gotd-vpc"},"tags_all":{"Name":"c64gotd-vpc"}},"sensitive_attributes":[],"private":"eyJzY2hlbWFfdmVyc2lvbiI6IjEifQ=="}]}],"check_results":null}
